github.com/adityatelange/hugo-PaperMod v0.0.0-20210127183530-778ee39137dc h1:jbjUEXJfVStjEc6Y8YElyy7qpi+bnf3Dk9vnc4Utq/w=
github.com/adityatelange/hugo-PaperMod v0.0.0-20210127183530-778ee39137dc/go.mod h1:HCHxNMKYdGafUYjVV3ICiAqznZK2yH0iI53jqcDFDdQ=
github.com/jan-xyz/hugo-module-img-srcset v1.2.0 h1:zvjg8L+d3G58LtNUKWps8vRqEjgksmCaGZLoffPiS1Y=
github.com/jan-xyz/hugo-module-img-srcset v1.2.0/go.mod h1:qblCvBIXUfSZ7q+UGdA2xcefkQ+7rba9m6Viuqh7cO0=
