github.com/adityatelange/hugo-PaperMod v0.0.0-20210127183530-778ee39137dc h1:jbjUEXJfVStjEc6Y8YElyy7qpi+bnf3Dk9vnc4Utq/w=
github.com/adityatelange/hugo-PaperMod v0.0.0-20210127183530-778ee39137dc/go.mod h1:HCHxNMKYdGafUYjVV3ICiAqznZK2yH0iI53jqcDFDdQ=
github.com/adityatelange/hugo-PaperMod v0.0.0-20210129180707-75855b275821 h1:l/8m7BJTtU+G0wkq7WLPJmVzZf8b+IZByCl/SRVH5ic=
github.com/adityatelange/hugo-PaperMod v0.0.0-20210129180707-75855b275821/go.mod h1:HCHxNMKYdGafUYjVV3ICiAqznZK2yH0iI53jqcDFDdQ=
github.com/adityatelange/hugo-PaperMod v0.0.0-20210617110656-fc87fc3a29e8 h1:soYq2MEYDgBfht8US/rg0UZP8YWRGj/8X2WnQuu8ot0=
github.com/adityatelange/hugo-PaperMod v0.0.0-20210617110656-fc87fc3a29e8/go.mod h1:HCHxNMKYdGafUYjVV3ICiAqznZK2yH0iI53jqcDFDdQ=
github.com/adityatelange/hugo-PaperMod v0.0.0-20220215143121-43c810c3e20b h1:Nvugtfla//gBAQ8PIZ8Pt+Rsjm67GsUiegjzJ3mc6jo=
github.com/adityatelange/hugo-PaperMod v0.0.0-20220215143121-43c810c3e20b/go.mod h1:HCHxNMKYdGafUYjVV3ICiAqznZK2yH0iI53jqcDFDdQ=
github.com/adityatelange/hugo-PaperMod v0.0.0-20220331180356-09921bb542e9 h1:lXiOmDh0vq6YyFKOdPpNAUrbTKIv+cv5AJF0KWwBHrc=
github.com/adityatelange/hugo-PaperMod v0.0.0-20220331180356-09921bb542e9/go.mod h1:HCHxNMKYdGafUYjVV3ICiAqznZK2yH0iI53jqcDFDdQ=
github.com/adityatelange/hugo-PaperMod v0.0.0-20220415155029-fc8c8666cf1e h1:mC1xeYvGoZNavRrm22tNkHx2ibtujbrj36d5H9x1Sjg=
github.com/adityatelange/hugo-PaperMod v0.0.0-20220415155029-fc8c8666cf1e/go.mod h1:HCHxNMKYdGafUYjVV3ICiAqznZK2yH0iI53jqcDFDdQ=
github.com/adityatelange/hugo-PaperMod v0.0.0-20220421164814-e888673bb23c h1:QWpZvOCcPhNz6yoBsaYU2vb/gdSuDjcC29+n4ilPXTw=
github.com/adityatelange/hugo-PaperMod v0.0.0-20220421164814-e888673bb23c/go.mod h1:HCHxNMKYdGafUYjVV3ICiAqznZK2yH0iI53jqcDFDdQ=
github.com/adityatelange/hugo-PaperMod v0.0.0-20220527171932-6aced45a65a8 h1:vv5U90zV+BtdfEZVwPZcaDtsQf+PXdkyTzVJrdgtzOU=
github.com/adityatelange/hugo-PaperMod v0.0.0-20220527171932-6aced45a65a8/go.mod h1:HCHxNMKYdGafUYjVV3ICiAqznZK2yH0iI53jqcDFDdQ=
github.com/adityatelange/hugo-PaperMod v0.0.0-20220610155613-a94674e6c9c7 h1:ukCNrjjS0viCpvxDrxG1KrXvXb/HXQ146auXoP2U+Sk=
github.com/adityatelange/hugo-PaperMod v0.0.0-20220610155613-a94674e6c9c7/go.mod h1:HCHxNMKYdGafUYjVV3ICiAqznZK2yH0iI53jqcDFDdQ=
