github.com/adityatelange/hugo-PaperMod v0.0.0-20210127183530-778ee39137dc h1:jbjUEXJfVStjEc6Y8YElyy7qpi+bnf3Dk9vnc4Utq/w=
github.com/adityatelange/hugo-PaperMod v0.0.0-20210127183530-778ee39137dc/go.mod h1:HCHxNMKYdGafUYjVV3ICiAqznZK2yH0iI53jqcDFDdQ=
github.com/adityatelange/hugo-PaperMod v0.0.0-20210129180707-75855b275821 h1:l/8m7BJTtU+G0wkq7WLPJmVzZf8b+IZByCl/SRVH5ic=
github.com/adityatelange/hugo-PaperMod v0.0.0-20210129180707-75855b275821/go.mod h1:HCHxNMKYdGafUYjVV3ICiAqznZK2yH0iI53jqcDFDdQ=
github.com/adityatelange/hugo-PaperMod v0.0.0-20210617110656-fc87fc3a29e8 h1:soYq2MEYDgBfht8US/rg0UZP8YWRGj/8X2WnQuu8ot0=
github.com/adityatelange/hugo-PaperMod v0.0.0-20210617110656-fc87fc3a29e8/go.mod h1:HCHxNMKYdGafUYjVV3ICiAqznZK2yH0iI53jqcDFDdQ=
